
Microsoft Visual Studio Solution File, Format Version 12.00
# Visual Studio Version 16
VisualStudioVersion = 16.0.31911.196
MinimumVisualStudioVersion = 10.0.40219.1
Project("{FAE04EC0-301F-11D3-BF4B-00C04F79EFBC}") = "MyNewApp", "MyNewApp.csproj", "{A16C9027-FC7A-4678-B5EB-C03A01E03F30}"
EndProject
Global
	GlobalSection(SolutionConfigurationPlatforms) = preSolution
		Debug|Any CPU = Debug|Any CPU
		Release|Any CPU = Release|Any CPU
	EndGlobalSection
	GlobalSection(ProjectConfigurationPlatforms) = postSolution
		{A16C9027-FC7A-4678-B5EB-C03A01E03F30}.Debug|Any CPU.ActiveCfg = Debug|Any CPU
		{A16C9027-FC7A-4678-B5EB-C03A01E03F30}.Debug|Any CPU.Build.0 = Debug|Any CPU
		{A16C9027-FC7A-4678-B5EB-C03A01E03F30}.Release|Any CPU.ActiveCfg = Release|Any CPU
		{A16C9027-FC7A-4678-B5EB-C03A01E03F30}.Release|Any CPU.Build.0 = Release|Any CPU
	EndGlobalSection
	GlobalSection(SolutionProperties) = preSolution
		HideSolutionNode = FALSE
	EndGlobalSection
	GlobalSection(ExtensibilityGlobals) = postSolution
		SolutionGuid = {B7FE50A8-17C3-4ED2-9727-1F992BEF892B}
	EndGlobalSection
EndGlobal
