
Microsoft Visual Studio Solution File, Format Version 12.00
# Visual Studio Version 16
VisualStudioVersion = 16.0.31911.196
MinimumVisualStudioVersion = 10.0.40219.1
Project("{FAE04EC0-301F-11D3-BF4B-00C04F79EFBC}") = "WpfApp1", "WpfApp1\WpfApp1.csproj", "{D460774C-33B7-43B5-92A3-74290A1A7411}"
EndProject
Global
	GlobalSection(SolutionConfigurationPlatforms) = preSolution
		Debug|Any CPU = Debug|Any CPU
		Release|Any CPU = Release|Any CPU
	EndGlobalSection
	GlobalSection(ProjectConfigurationPlatforms) = postSolution
		{D460774C-33B7-43B5-92A3-74290A1A7411}.Debug|Any CPU.ActiveCfg = Debug|Any CPU
		{D460774C-33B7-43B5-92A3-74290A1A7411}.Debug|Any CPU.Build.0 = Debug|Any CPU
		{D460774C-33B7-43B5-92A3-74290A1A7411}.Release|Any CPU.ActiveCfg = Release|Any CPU
		{D460774C-33B7-43B5-92A3-74290A1A7411}.Release|Any CPU.Build.0 = Release|Any CPU
	EndGlobalSection
	GlobalSection(SolutionProperties) = preSolution
		HideSolutionNode = FALSE
	EndGlobalSection
	GlobalSection(ExtensibilityGlobals) = postSolution
		SolutionGuid = {FC36556B-F107-4268-B625-C40B38F1D308}
	EndGlobalSection
EndGlobal
